
Microsoft Visual Studio Solution File, Format Version 12.00
# Visual Studio Version 17
VisualStudioVersion = 17.9.34607.119
MinimumVisualStudioVersion = 10.0.40219.1
Project("{FAE04EC0-301F-11D3-BF4B-00C04F79EFBC}") = "CLDV6211_IceTask", "CLDV6211_IceTask\CLDV6211_IceTask.csproj", "{D70B86F2-AD07-4D13-ACFE-6E24E7A724C3}"
EndProject
Global
	GlobalSection(SolutionConfigurationPlatforms) = preSolution
		Debug|Any CPU = Debug|Any CPU
		Release|Any CPU = Release|Any CPU
	EndGlobalSection
	GlobalSection(ProjectConfigurationPlatforms) = postSolution
		{D70B86F2-AD07-4D13-ACFE-6E24E7A724C3}.Debug|Any CPU.ActiveCfg = Debug|Any CPU
		{D70B86F2-AD07-4D13-ACFE-6E24E7A724C3}.Debug|Any CPU.Build.0 = Debug|Any CPU
		{D70B86F2-AD07-4D13-ACFE-6E24E7A724C3}.Release|Any CPU.ActiveCfg = Release|Any CPU
		{D70B86F2-AD07-4D13-ACFE-6E24E7A724C3}.Release|Any CPU.Build.0 = Release|Any CPU
	EndGlobalSection
	GlobalSection(SolutionProperties) = preSolution
		HideSolutionNode = FALSE
	EndGlobalSection
	GlobalSection(ExtensibilityGlobals) = postSolution
		SolutionGuid = {691529EF-DD46-48E5-98AD-5C20C7D09E07}
	EndGlobalSection
EndGlobal
